
Microsoft Visual Studio Solution File, Format Version 12.00
# Visual Studio Version 17
VisualStudioVersion = 17.6.33829.357
MinimumVisualStudioVersion = 10.0.40219.1
Project("{FAE04EC0-301F-11D3-BF4B-00C04F79EFBC}") = "Design", "Design\Design.csproj", "{16FF96D9-35B8-47F4-BFB0-5F09167232BA}"
EndProject
Global
	GlobalSection(SolutionConfigurationPlatforms) = preSolution
		Debug|Any CPU = Debug|Any CPU
		Release|Any CPU = Release|Any CPU
	EndGlobalSection
	GlobalSection(ProjectConfigurationPlatforms) = postSolution
		{16FF96D9-35B8-47F4-BFB0-5F09167232BA}.Debug|Any CPU.ActiveCfg = Debug|Any CPU
		{16FF96D9-35B8-47F4-BFB0-5F09167232BA}.Debug|Any CPU.Build.0 = Debug|Any CPU
		{16FF96D9-35B8-47F4-BFB0-5F09167232BA}.Release|Any CPU.ActiveCfg = Release|Any CPU
		{16FF96D9-35B8-47F4-BFB0-5F09167232BA}.Release|Any CPU.Build.0 = Release|Any CPU
	EndGlobalSection
	GlobalSection(SolutionProperties) = preSolution
		HideSolutionNode = FALSE
	EndGlobalSection
	GlobalSection(ExtensibilityGlobals) = postSolution
		SolutionGuid = {62FB1668-03FA-45C3-B7AC-E2996845F892}
	EndGlobalSection
EndGlobal
